
Microsoft Visual Studio Solution File, Format Version 12.00
# Visual Studio Version 16
VisualStudioVersion = 16.0.31727.386
MinimumVisualStudioVersion = 10.0.40219.1
Project("{9A19103F-16F7-4668-BE54-9A1E7A4F7556}") = "Nethereum.Uniswap", "Nethereum.Uniswap\Nethereum.Uniswap.csproj", "{D8EB49CB-FA22-4420-A88E-3A1D503C727E}"
EndProject
Project("{FAE04EC0-301F-11D3-BF4B-00C04F79EFBC}") = "Uniswap.Client", "Uniswap.Client\Uniswap.Client.csproj", "{9FECCF5D-D9C6-45B6-9AAF-1430AD2BFF38}"
EndProject
Global
	GlobalSection(SolutionConfigurationPlatforms) = preSolution
		Debug|Any CPU = Debug|Any CPU
		Release|Any CPU = Release|Any CPU
	EndGlobalSection
	GlobalSection(ProjectConfigurationPlatforms) = postSolution
		{D8EB49CB-FA22-4420-A88E-3A1D503C727E}.Debug|Any CPU.ActiveCfg = Debug|Any CPU
		{D8EB49CB-FA22-4420-A88E-3A1D503C727E}.Debug|Any CPU.Build.0 = Debug|Any CPU
		{D8EB49CB-FA22-4420-A88E-3A1D503C727E}.Release|Any CPU.ActiveCfg = Release|Any CPU
		{D8EB49CB-FA22-4420-A88E-3A1D503C727E}.Release|Any CPU.Build.0 = Release|Any CPU
		{9FECCF5D-D9C6-45B6-9AAF-1430AD2BFF38}.Debug|Any CPU.ActiveCfg = Debug|Any CPU
		{9FECCF5D-D9C6-45B6-9AAF-1430AD2BFF38}.Debug|Any CPU.Build.0 = Debug|Any CPU
		{9FECCF5D-D9C6-45B6-9AAF-1430AD2BFF38}.Release|Any CPU.ActiveCfg = Release|Any CPU
		{9FECCF5D-D9C6-45B6-9AAF-1430AD2BFF38}.Release|Any CPU.Build.0 = Release|Any CPU
	EndGlobalSection
	GlobalSection(SolutionProperties) = preSolution
		HideSolutionNode = FALSE
	EndGlobalSection
	GlobalSection(ExtensibilityGlobals) = postSolution
		SolutionGuid = {5A84BA11-B89D-4765-975B-3204B36D00D7}
	EndGlobalSection
EndGlobal
